
Microsoft Visual Studio Solution File, Format Version 12.00
# Visual Studio Version 17
VisualStudioVersion = 17.4.33205.214
MinimumVisualStudioVersion = 10.0.40219.1
Project("{9A19103F-16F7-4668-BE54-9A1E7A4F7556}") = "ASPCORE", "ASPCORE\ASPCORE.csproj", "{99D6A39C-AB11-4138-AF0A-0174C7690080}"
EndProject
Project("{FAE04EC0-301F-11D3-BF4B-00C04F79EFBC}") = "AspCoreRestFulAPI", "AspCoreRestFulAPI\AspCoreRestFulAPI.csproj", "{D6244E25-A0B7-45E1-8AF6-7DB0BD2E8CB4}"
EndProject
Project("{FAE04EC0-301F-11D3-BF4B-00C04F79EFBC}") = "DataAccessLayer", "DataAccessLayer\DataAccessLayer.csproj", "{0810C507-E678-4437-93EB-FA46897793B0}"
EndProject
Global
	GlobalSection(SolutionConfigurationPlatforms) = preSolution
		Debug|Any CPU = Debug|Any CPU
		Release|Any CPU = Release|Any CPU
	EndGlobalSection
	GlobalSection(ProjectConfigurationPlatforms) = postSolution
		{99D6A39C-AB11-4138-AF0A-0174C7690080}.Debug|Any CPU.ActiveCfg = Debug|Any CPU
		{99D6A39C-AB11-4138-AF0A-0174C7690080}.Debug|Any CPU.Build.0 = Debug|Any CPU
		{99D6A39C-AB11-4138-AF0A-0174C7690080}.Release|Any CPU.ActiveCfg = Release|Any CPU
		{99D6A39C-AB11-4138-AF0A-0174C7690080}.Release|Any CPU.Build.0 = Release|Any CPU
		{D6244E25-A0B7-45E1-8AF6-7DB0BD2E8CB4}.Debug|Any CPU.ActiveCfg = Debug|Any CPU
		{D6244E25-A0B7-45E1-8AF6-7DB0BD2E8CB4}.Debug|Any CPU.Build.0 = Debug|Any CPU
		{D6244E25-A0B7-45E1-8AF6-7DB0BD2E8CB4}.Release|Any CPU.ActiveCfg = Release|Any CPU
		{D6244E25-A0B7-45E1-8AF6-7DB0BD2E8CB4}.Release|Any CPU.Build.0 = Release|Any CPU
		{0810C507-E678-4437-93EB-FA46897793B0}.Debug|Any CPU.ActiveCfg = Debug|Any CPU
		{0810C507-E678-4437-93EB-FA46897793B0}.Debug|Any CPU.Build.0 = Debug|Any CPU
		{0810C507-E678-4437-93EB-FA46897793B0}.Release|Any CPU.ActiveCfg = Release|Any CPU
		{0810C507-E678-4437-93EB-FA46897793B0}.Release|Any CPU.Build.0 = Release|Any CPU
	EndGlobalSection
	GlobalSection(SolutionProperties) = preSolution
		HideSolutionNode = FALSE
	EndGlobalSection
	GlobalSection(ExtensibilityGlobals) = postSolution
		SolutionGuid = {DA960590-F1A3-4FF6-A05A-4E94AA9ECE04}
	EndGlobalSection
EndGlobal
